
Microsoft Visual Studio Solution File, Format Version 12.00
# Visual Studio 15
VisualStudioVersion = 15.0.27428.2015
MinimumVisualStudioVersion = 10.0.40219.1
Project("{FAE04EC0-301F-11D3-BF4B-00C04F79EFBC}") = "ChangeDT", "ChangeDT\ChangeDT.csproj", "{100A9371-F981-4815-AB8A-E86D56565327}"
EndProject
Global
	GlobalSection(SolutionConfigurationPlatforms) = preSolution
		Debug|Any CPU = Debug|Any CPU
		Release|Any CPU = Release|Any CPU
	EndGlobalSection
	GlobalSection(ProjectConfigurationPlatforms) = postSolution
		{100A9371-F981-4815-AB8A-E86D56565327}.Debug|Any CPU.ActiveCfg = Debug|Any CPU
		{100A9371-F981-4815-AB8A-E86D56565327}.Debug|Any CPU.Build.0 = Debug|Any CPU
		{100A9371-F981-4815-AB8A-E86D56565327}.Release|Any CPU.ActiveCfg = Release|Any CPU
		{100A9371-F981-4815-AB8A-E86D56565327}.Release|Any CPU.Build.0 = Release|Any CPU
	EndGlobalSection
	GlobalSection(SolutionProperties) = preSolution
		HideSolutionNode = FALSE
	EndGlobalSection
	GlobalSection(ExtensibilityGlobals) = postSolution
		SolutionGuid = {CC17AE1F-9C7E-447B-B5BA-933C2BB7CFD1}
	EndGlobalSection
EndGlobal
